
Microsoft Visual Studio Solution File, Format Version 12.00
# Visual Studio Version 17
VisualStudioVersion = 17.0.31903.59
MinimumVisualStudioVersion = 10.0.40219.1
Project("{FAE04EC0-301F-11D3-BF4B-00C04F79EFBC}") = "nfzf", "nfzf\nfzf.csproj", "{4DD1A1AE-F129-47FC-9521-950BEE500891}"
EndProject
Project("{FAE04EC0-301F-11D3-BF4B-00C04F79EFBC}") = "benchmarks", "benchmarks\benchmarks.csproj", "{2A36D97B-EF5F-4B85-9603-E71BC5FD141C}"
EndProject
Project("{FAE04EC0-301F-11D3-BF4B-00C04F79EFBC}") = "nfzf.tests", "nfzf.tests\nfzf.tests.csproj", "{901F6341-6947-4BF8-81B1-796419742245}"
EndProject
Project("{FAE04EC0-301F-11D3-BF4B-00C04F79EFBC}") = "ListWindows", "ListWindows\ListWindows.csproj", "{730C9596-B01A-43C8-98B7-8DA7F92B99DD}"
EndProject
Project("{FAE04EC0-301F-11D3-BF4B-00C04F79EFBC}") = "ListProcesses", "ListProcesses\ListProcesses.csproj", "{C07A2D2F-D786-474A-A083-08064FD214E4}"
EndProject
Project("{FAE04EC0-301F-11D3-BF4B-00C04F79EFBC}") = "FileSystem", "FileSystem\FileSystem.csproj", "{8631A04D-86D0-4BBB-A762-56D9BE8587C6}"
EndProject
Project("{FAE04EC0-301F-11D3-BF4B-00C04F79EFBC}") = "LibNfm", "LibNfm\LibNfm.csproj", "{A001B501-67DC-4425-B15E-AA78402A02C3}"
EndProject
Project("{FAE04EC0-301F-11D3-BF4B-00C04F79EFBC}") = "Cli", "Cli\Cli.csproj", "{468083E0-AD43-44A6-A304-DE53BA5C3AEF}"
EndProject
Project("{FAE04EC0-301F-11D3-BF4B-00C04F79EFBC}") = "Ui.Core", "Ui.Core\Ui.Core.csproj", "{732EB25D-BBB0-4020-85D3-DE2CBF27B86D}"
EndProject
Project("{FAE04EC0-301F-11D3-BF4B-00C04F79EFBC}") = "FileWalker", "FileWalker\FileWalker.csproj", "{CBBAD3BC-4A74-418B-8713-7B6CBECABB0B}"
EndProject
Project("{FAE04EC0-301F-11D3-BF4B-00C04F79EFBC}") = "Win32Ui", "Win32Ui\Win32Ui.csproj", "{3FC39A72-378F-43BF-89C7-939DAA2A9F1D}"
EndProject
Project("{FAE04EC0-301F-11D3-BF4B-00C04F79EFBC}") = "Ui.Core.Tests", "Ui.Core.Tests\Ui.Core.Tests.csproj", "{69A15048-2B49-476F-85F0-D60DF5846725}"
EndProject
Project("{FAE04EC0-301F-11D3-BF4B-00C04F79EFBC}") = "PowershellHistoryReader", "PowershellHistoryReader\PowershellHistoryReader.csproj", "{A1720C30-5152-4701-A91E-C0BA2F89C28C}"
EndProject
Project("{FAE04EC0-301F-11D3-BF4B-00C04F79EFBC}") = "Win32Ui.Test", "Win32Ui.Test\Win32Ui.Test.csproj", "{1F566FF4-36E4-4D24-9746-3BCC89EC58A2}"
EndProject
Project("{FAE04EC0-301F-11D3-BF4B-00C04F79EFBC}") = "nfmdir", "nfmdir\nfmdir.csproj", "{14F13685-0C4B-4B2C-B845-A51F124A3198}"
EndProject
Global
	GlobalSection(SolutionConfigurationPlatforms) = preSolution
		Debug|Any CPU = Debug|Any CPU
		Debug|x64 = Debug|x64
		Debug|x86 = Debug|x86
		Release|Any CPU = Release|Any CPU
		Release|x64 = Release|x64
		Release|x86 = Release|x86
	EndGlobalSection
	GlobalSection(ProjectConfigurationPlatforms) = postSolution
		{4DD1A1AE-F129-47FC-9521-950BEE500891}.Debug|Any CPU.ActiveCfg = Debug|Any CPU
		{4DD1A1AE-F129-47FC-9521-950BEE500891}.Debug|Any CPU.Build.0 = Debug|Any CPU
		{4DD1A1AE-F129-47FC-9521-950BEE500891}.Debug|x64.ActiveCfg = Debug|Any CPU
		{4DD1A1AE-F129-47FC-9521-950BEE500891}.Debug|x64.Build.0 = Debug|Any CPU
		{4DD1A1AE-F129-47FC-9521-950BEE500891}.Debug|x86.ActiveCfg = Debug|Any CPU
		{4DD1A1AE-F129-47FC-9521-950BEE500891}.Debug|x86.Build.0 = Debug|Any CPU
		{4DD1A1AE-F129-47FC-9521-950BEE500891}.Release|Any CPU.ActiveCfg = Release|Any CPU
		{4DD1A1AE-F129-47FC-9521-950BEE500891}.Release|Any CPU.Build.0 = Release|Any CPU
		{4DD1A1AE-F129-47FC-9521-950BEE500891}.Release|x64.ActiveCfg = Release|Any CPU
		{4DD1A1AE-F129-47FC-9521-950BEE500891}.Release|x64.Build.0 = Release|Any CPU
		{4DD1A1AE-F129-47FC-9521-950BEE500891}.Release|x86.ActiveCfg = Release|Any CPU
		{4DD1A1AE-F129-47FC-9521-950BEE500891}.Release|x86.Build.0 = Release|Any CPU
		{2A36D97B-EF5F-4B85-9603-E71BC5FD141C}.Debug|Any CPU.ActiveCfg = Debug|Any CPU
		{2A36D97B-EF5F-4B85-9603-E71BC5FD141C}.Debug|Any CPU.Build.0 = Debug|Any CPU
		{2A36D97B-EF5F-4B85-9603-E71BC5FD141C}.Debug|x64.ActiveCfg = Debug|Any CPU
		{2A36D97B-EF5F-4B85-9603-E71BC5FD141C}.Debug|x64.Build.0 = Debug|Any CPU
		{2A36D97B-EF5F-4B85-9603-E71BC5FD141C}.Debug|x86.ActiveCfg = Debug|Any CPU
		{2A36D97B-EF5F-4B85-9603-E71BC5FD141C}.Debug|x86.Build.0 = Debug|Any CPU
		{2A36D97B-EF5F-4B85-9603-E71BC5FD141C}.Release|Any CPU.ActiveCfg = Release|Any CPU
		{2A36D97B-EF5F-4B85-9603-E71BC5FD141C}.Release|Any CPU.Build.0 = Release|Any CPU
		{2A36D97B-EF5F-4B85-9603-E71BC5FD141C}.Release|x64.ActiveCfg = Release|Any CPU
		{2A36D97B-EF5F-4B85-9603-E71BC5FD141C}.Release|x64.Build.0 = Release|Any CPU
		{2A36D97B-EF5F-4B85-9603-E71BC5FD141C}.Release|x86.ActiveCfg = Release|Any CPU
		{2A36D97B-EF5F-4B85-9603-E71BC5FD141C}.Release|x86.Build.0 = Release|Any CPU
		{901F6341-6947-4BF8-81B1-796419742245}.Debug|Any CPU.ActiveCfg = Debug|Any CPU
		{901F6341-6947-4BF8-81B1-796419742245}.Debug|Any CPU.Build.0 = Debug|Any CPU
		{901F6341-6947-4BF8-81B1-796419742245}.Debug|x64.ActiveCfg = Debug|Any CPU
		{901F6341-6947-4BF8-81B1-796419742245}.Debug|x64.Build.0 = Debug|Any CPU
		{901F6341-6947-4BF8-81B1-796419742245}.Debug|x86.ActiveCfg = Debug|Any CPU
		{901F6341-6947-4BF8-81B1-796419742245}.Debug|x86.Build.0 = Debug|Any CPU
		{901F6341-6947-4BF8-81B1-796419742245}.Release|Any CPU.ActiveCfg = Release|Any CPU
		{901F6341-6947-4BF8-81B1-796419742245}.Release|Any CPU.Build.0 = Release|Any CPU
		{901F6341-6947-4BF8-81B1-796419742245}.Release|x64.ActiveCfg = Release|Any CPU
		{901F6341-6947-4BF8-81B1-796419742245}.Release|x64.Build.0 = Release|Any CPU
		{901F6341-6947-4BF8-81B1-796419742245}.Release|x86.ActiveCfg = Release|Any CPU
		{901F6341-6947-4BF8-81B1-796419742245}.Release|x86.Build.0 = Release|Any CPU
		{730C9596-B01A-43C8-98B7-8DA7F92B99DD}.Debug|Any CPU.ActiveCfg = Debug|Any CPU
		{730C9596-B01A-43C8-98B7-8DA7F92B99DD}.Debug|Any CPU.Build.0 = Debug|Any CPU
		{730C9596-B01A-43C8-98B7-8DA7F92B99DD}.Debug|x64.ActiveCfg = Debug|Any CPU
		{730C9596-B01A-43C8-98B7-8DA7F92B99DD}.Debug|x64.Build.0 = Debug|Any CPU
		{730C9596-B01A-43C8-98B7-8DA7F92B99DD}.Debug|x86.ActiveCfg = Debug|Any CPU
		{730C9596-B01A-43C8-98B7-8DA7F92B99DD}.Debug|x86.Build.0 = Debug|Any CPU
		{730C9596-B01A-43C8-98B7-8DA7F92B99DD}.Release|Any CPU.ActiveCfg = Release|Any CPU
		{730C9596-B01A-43C8-98B7-8DA7F92B99DD}.Release|Any CPU.Build.0 = Release|Any CPU
		{730C9596-B01A-43C8-98B7-8DA7F92B99DD}.Release|x64.ActiveCfg = Release|Any CPU
		{730C9596-B01A-43C8-98B7-8DA7F92B99DD}.Release|x64.Build.0 = Release|Any CPU
		{730C9596-B01A-43C8-98B7-8DA7F92B99DD}.Release|x86.ActiveCfg = Release|Any CPU
		{730C9596-B01A-43C8-98B7-8DA7F92B99DD}.Release|x86.Build.0 = Release|Any CPU
		{C07A2D2F-D786-474A-A083-08064FD214E4}.Debug|Any CPU.ActiveCfg = Debug|Any CPU
		{C07A2D2F-D786-474A-A083-08064FD214E4}.Debug|Any CPU.Build.0 = Debug|Any CPU
		{C07A2D2F-D786-474A-A083-08064FD214E4}.Debug|x64.ActiveCfg = Debug|Any CPU
		{C07A2D2F-D786-474A-A083-08064FD214E4}.Debug|x64.Build.0 = Debug|Any CPU
		{C07A2D2F-D786-474A-A083-08064FD214E4}.Debug|x86.ActiveCfg = Debug|Any CPU
		{C07A2D2F-D786-474A-A083-08064FD214E4}.Debug|x86.Build.0 = Debug|Any CPU
		{C07A2D2F-D786-474A-A083-08064FD214E4}.Release|Any CPU.ActiveCfg = Release|Any CPU
		{C07A2D2F-D786-474A-A083-08064FD214E4}.Release|Any CPU.Build.0 = Release|Any CPU
		{C07A2D2F-D786-474A-A083-08064FD214E4}.Release|x64.ActiveCfg = Release|Any CPU
		{C07A2D2F-D786-474A-A083-08064FD214E4}.Release|x64.Build.0 = Release|Any CPU
		{C07A2D2F-D786-474A-A083-08064FD214E4}.Release|x86.ActiveCfg = Release|Any CPU
		{C07A2D2F-D786-474A-A083-08064FD214E4}.Release|x86.Build.0 = Release|Any CPU
		{8631A04D-86D0-4BBB-A762-56D9BE8587C6}.Debug|Any CPU.ActiveCfg = Debug|Any CPU
		{8631A04D-86D0-4BBB-A762-56D9BE8587C6}.Debug|Any CPU.Build.0 = Debug|Any CPU
		{8631A04D-86D0-4BBB-A762-56D9BE8587C6}.Debug|x64.ActiveCfg = Debug|Any CPU
		{8631A04D-86D0-4BBB-A762-56D9BE8587C6}.Debug|x64.Build.0 = Debug|Any CPU
		{8631A04D-86D0-4BBB-A762-56D9BE8587C6}.Debug|x86.ActiveCfg = Debug|Any CPU
		{8631A04D-86D0-4BBB-A762-56D9BE8587C6}.Debug|x86.Build.0 = Debug|Any CPU
		{8631A04D-86D0-4BBB-A762-56D9BE8587C6}.Release|Any CPU.ActiveCfg = Release|Any CPU
		{8631A04D-86D0-4BBB-A762-56D9BE8587C6}.Release|Any CPU.Build.0 = Release|Any CPU
		{8631A04D-86D0-4BBB-A762-56D9BE8587C6}.Release|x64.ActiveCfg = Release|Any CPU
		{8631A04D-86D0-4BBB-A762-56D9BE8587C6}.Release|x64.Build.0 = Release|Any CPU
		{8631A04D-86D0-4BBB-A762-56D9BE8587C6}.Release|x86.ActiveCfg = Release|Any CPU
		{8631A04D-86D0-4BBB-A762-56D9BE8587C6}.Release|x86.Build.0 = Release|Any CPU
		{A001B501-67DC-4425-B15E-AA78402A02C3}.Debug|Any CPU.ActiveCfg = Debug|Any CPU
		{A001B501-67DC-4425-B15E-AA78402A02C3}.Debug|Any CPU.Build.0 = Debug|Any CPU
		{A001B501-67DC-4425-B15E-AA78402A02C3}.Debug|x64.ActiveCfg = Debug|Any CPU
		{A001B501-67DC-4425-B15E-AA78402A02C3}.Debug|x64.Build.0 = Debug|Any CPU
		{A001B501-67DC-4425-B15E-AA78402A02C3}.Debug|x86.ActiveCfg = Debug|Any CPU
		{A001B501-67DC-4425-B15E-AA78402A02C3}.Debug|x86.Build.0 = Debug|Any CPU
		{A001B501-67DC-4425-B15E-AA78402A02C3}.Release|Any CPU.ActiveCfg = Release|Any CPU
		{A001B501-67DC-4425-B15E-AA78402A02C3}.Release|Any CPU.Build.0 = Release|Any CPU
		{A001B501-67DC-4425-B15E-AA78402A02C3}.Release|x64.ActiveCfg = Release|Any CPU
		{A001B501-67DC-4425-B15E-AA78402A02C3}.Release|x64.Build.0 = Release|Any CPU
		{A001B501-67DC-4425-B15E-AA78402A02C3}.Release|x86.ActiveCfg = Release|Any CPU
		{A001B501-67DC-4425-B15E-AA78402A02C3}.Release|x86.Build.0 = Release|Any CPU
		{468083E0-AD43-44A6-A304-DE53BA5C3AEF}.Debug|Any CPU.ActiveCfg = Debug|Any CPU
		{468083E0-AD43-44A6-A304-DE53BA5C3AEF}.Debug|Any CPU.Build.0 = Debug|Any CPU
		{468083E0-AD43-44A6-A304-DE53BA5C3AEF}.Debug|x64.ActiveCfg = Debug|Any CPU
		{468083E0-AD43-44A6-A304-DE53BA5C3AEF}.Debug|x64.Build.0 = Debug|Any CPU
		{468083E0-AD43-44A6-A304-DE53BA5C3AEF}.Debug|x86.ActiveCfg = Debug|Any CPU
		{468083E0-AD43-44A6-A304-DE53BA5C3AEF}.Debug|x86.Build.0 = Debug|Any CPU
		{468083E0-AD43-44A6-A304-DE53BA5C3AEF}.Release|Any CPU.ActiveCfg = Release|Any CPU
		{468083E0-AD43-44A6-A304-DE53BA5C3AEF}.Release|Any CPU.Build.0 = Release|Any CPU
		{468083E0-AD43-44A6-A304-DE53BA5C3AEF}.Release|x64.ActiveCfg = Release|Any CPU
		{468083E0-AD43-44A6-A304-DE53BA5C3AEF}.Release|x64.Build.0 = Release|Any CPU
		{468083E0-AD43-44A6-A304-DE53BA5C3AEF}.Release|x86.ActiveCfg = Release|Any CPU
		{468083E0-AD43-44A6-A304-DE53BA5C3AEF}.Release|x86.Build.0 = Release|Any CPU
		{732EB25D-BBB0-4020-85D3-DE2CBF27B86D}.Debug|Any CPU.ActiveCfg = Debug|Any CPU
		{732EB25D-BBB0-4020-85D3-DE2CBF27B86D}.Debug|Any CPU.Build.0 = Debug|Any CPU
		{732EB25D-BBB0-4020-85D3-DE2CBF27B86D}.Debug|x64.ActiveCfg = Debug|Any CPU
		{732EB25D-BBB0-4020-85D3-DE2CBF27B86D}.Debug|x64.Build.0 = Debug|Any CPU
		{732EB25D-BBB0-4020-85D3-DE2CBF27B86D}.Debug|x86.ActiveCfg = Debug|Any CPU
		{732EB25D-BBB0-4020-85D3-DE2CBF27B86D}.Debug|x86.Build.0 = Debug|Any CPU
		{732EB25D-BBB0-4020-85D3-DE2CBF27B86D}.Release|Any CPU.ActiveCfg = Release|Any CPU
		{732EB25D-BBB0-4020-85D3-DE2CBF27B86D}.Release|Any CPU.Build.0 = Release|Any CPU
		{732EB25D-BBB0-4020-85D3-DE2CBF27B86D}.Release|x64.ActiveCfg = Release|Any CPU
		{732EB25D-BBB0-4020-85D3-DE2CBF27B86D}.Release|x64.Build.0 = Release|Any CPU
		{732EB25D-BBB0-4020-85D3-DE2CBF27B86D}.Release|x86.ActiveCfg = Release|Any CPU
		{732EB25D-BBB0-4020-85D3-DE2CBF27B86D}.Release|x86.Build.0 = Release|Any CPU
		{CBBAD3BC-4A74-418B-8713-7B6CBECABB0B}.Debug|Any CPU.ActiveCfg = Debug|Any CPU
		{CBBAD3BC-4A74-418B-8713-7B6CBECABB0B}.Debug|Any CPU.Build.0 = Debug|Any CPU
		{CBBAD3BC-4A74-418B-8713-7B6CBECABB0B}.Debug|x64.ActiveCfg = Debug|Any CPU
		{CBBAD3BC-4A74-418B-8713-7B6CBECABB0B}.Debug|x64.Build.0 = Debug|Any CPU
		{CBBAD3BC-4A74-418B-8713-7B6CBECABB0B}.Debug|x86.ActiveCfg = Debug|Any CPU
		{CBBAD3BC-4A74-418B-8713-7B6CBECABB0B}.Debug|x86.Build.0 = Debug|Any CPU
		{CBBAD3BC-4A74-418B-8713-7B6CBECABB0B}.Release|Any CPU.ActiveCfg = Release|Any CPU
		{CBBAD3BC-4A74-418B-8713-7B6CBECABB0B}.Release|Any CPU.Build.0 = Release|Any CPU
		{CBBAD3BC-4A74-418B-8713-7B6CBECABB0B}.Release|x64.ActiveCfg = Release|Any CPU
		{CBBAD3BC-4A74-418B-8713-7B6CBECABB0B}.Release|x64.Build.0 = Release|Any CPU
		{CBBAD3BC-4A74-418B-8713-7B6CBECABB0B}.Release|x86.ActiveCfg = Release|Any CPU
		{CBBAD3BC-4A74-418B-8713-7B6CBECABB0B}.Release|x86.Build.0 = Release|Any CPU
		{3FC39A72-378F-43BF-89C7-939DAA2A9F1D}.Debug|Any CPU.ActiveCfg = Debug|Any CPU
		{3FC39A72-378F-43BF-89C7-939DAA2A9F1D}.Debug|Any CPU.Build.0 = Debug|Any CPU
		{3FC39A72-378F-43BF-89C7-939DAA2A9F1D}.Debug|x64.ActiveCfg = Debug|Any CPU
		{3FC39A72-378F-43BF-89C7-939DAA2A9F1D}.Debug|x64.Build.0 = Debug|Any CPU
		{3FC39A72-378F-43BF-89C7-939DAA2A9F1D}.Debug|x86.ActiveCfg = Debug|Any CPU
		{3FC39A72-378F-43BF-89C7-939DAA2A9F1D}.Debug|x86.Build.0 = Debug|Any CPU
		{3FC39A72-378F-43BF-89C7-939DAA2A9F1D}.Release|Any CPU.ActiveCfg = Release|Any CPU
		{3FC39A72-378F-43BF-89C7-939DAA2A9F1D}.Release|Any CPU.Build.0 = Release|Any CPU
		{3FC39A72-378F-43BF-89C7-939DAA2A9F1D}.Release|x64.ActiveCfg = Release|Any CPU
		{3FC39A72-378F-43BF-89C7-939DAA2A9F1D}.Release|x64.Build.0 = Release|Any CPU
		{3FC39A72-378F-43BF-89C7-939DAA2A9F1D}.Release|x86.ActiveCfg = Release|Any CPU
		{3FC39A72-378F-43BF-89C7-939DAA2A9F1D}.Release|x86.Build.0 = Release|Any CPU
		{69A15048-2B49-476F-85F0-D60DF5846725}.Debug|Any CPU.ActiveCfg = Debug|Any CPU
		{69A15048-2B49-476F-85F0-D60DF5846725}.Debug|Any CPU.Build.0 = Debug|Any CPU
		{69A15048-2B49-476F-85F0-D60DF5846725}.Debug|x64.ActiveCfg = Debug|Any CPU
		{69A15048-2B49-476F-85F0-D60DF5846725}.Debug|x64.Build.0 = Debug|Any CPU
		{69A15048-2B49-476F-85F0-D60DF5846725}.Debug|x86.ActiveCfg = Debug|Any CPU
		{69A15048-2B49-476F-85F0-D60DF5846725}.Debug|x86.Build.0 = Debug|Any CPU
		{69A15048-2B49-476F-85F0-D60DF5846725}.Release|Any CPU.ActiveCfg = Release|Any CPU
		{69A15048-2B49-476F-85F0-D60DF5846725}.Release|Any CPU.Build.0 = Release|Any CPU
		{69A15048-2B49-476F-85F0-D60DF5846725}.Release|x64.ActiveCfg = Release|Any CPU
		{69A15048-2B49-476F-85F0-D60DF5846725}.Release|x64.Build.0 = Release|Any CPU
		{69A15048-2B49-476F-85F0-D60DF5846725}.Release|x86.ActiveCfg = Release|Any CPU
		{69A15048-2B49-476F-85F0-D60DF5846725}.Release|x86.Build.0 = Release|Any CPU
		{A1720C30-5152-4701-A91E-C0BA2F89C28C}.Debug|Any CPU.ActiveCfg = Debug|Any CPU
		{A1720C30-5152-4701-A91E-C0BA2F89C28C}.Debug|Any CPU.Build.0 = Debug|Any CPU
		{A1720C30-5152-4701-A91E-C0BA2F89C28C}.Debug|x64.ActiveCfg = Debug|Any CPU
		{A1720C30-5152-4701-A91E-C0BA2F89C28C}.Debug|x64.Build.0 = Debug|Any CPU
		{A1720C30-5152-4701-A91E-C0BA2F89C28C}.Debug|x86.ActiveCfg = Debug|Any CPU
		{A1720C30-5152-4701-A91E-C0BA2F89C28C}.Debug|x86.Build.0 = Debug|Any CPU
		{A1720C30-5152-4701-A91E-C0BA2F89C28C}.Release|Any CPU.ActiveCfg = Release|Any CPU
		{A1720C30-5152-4701-A91E-C0BA2F89C28C}.Release|Any CPU.Build.0 = Release|Any CPU
		{A1720C30-5152-4701-A91E-C0BA2F89C28C}.Release|x64.ActiveCfg = Release|Any CPU
		{A1720C30-5152-4701-A91E-C0BA2F89C28C}.Release|x64.Build.0 = Release|Any CPU
		{A1720C30-5152-4701-A91E-C0BA2F89C28C}.Release|x86.ActiveCfg = Release|Any CPU
		{A1720C30-5152-4701-A91E-C0BA2F89C28C}.Release|x86.Build.0 = Release|Any CPU
		{1F566FF4-36E4-4D24-9746-3BCC89EC58A2}.Debug|Any CPU.ActiveCfg = Debug|Any CPU
		{1F566FF4-36E4-4D24-9746-3BCC89EC58A2}.Debug|Any CPU.Build.0 = Debug|Any CPU
		{1F566FF4-36E4-4D24-9746-3BCC89EC58A2}.Debug|x64.ActiveCfg = Debug|Any CPU
		{1F566FF4-36E4-4D24-9746-3BCC89EC58A2}.Debug|x64.Build.0 = Debug|Any CPU
		{1F566FF4-36E4-4D24-9746-3BCC89EC58A2}.Debug|x86.ActiveCfg = Debug|Any CPU
		{1F566FF4-36E4-4D24-9746-3BCC89EC58A2}.Debug|x86.Build.0 = Debug|Any CPU
		{1F566FF4-36E4-4D24-9746-3BCC89EC58A2}.Release|Any CPU.ActiveCfg = Release|Any CPU
		{1F566FF4-36E4-4D24-9746-3BCC89EC58A2}.Release|Any CPU.Build.0 = Release|Any CPU
		{1F566FF4-36E4-4D24-9746-3BCC89EC58A2}.Release|x64.ActiveCfg = Release|Any CPU
		{1F566FF4-36E4-4D24-9746-3BCC89EC58A2}.Release|x64.Build.0 = Release|Any CPU
		{1F566FF4-36E4-4D24-9746-3BCC89EC58A2}.Release|x86.ActiveCfg = Release|Any CPU
		{1F566FF4-36E4-4D24-9746-3BCC89EC58A2}.Release|x86.Build.0 = Release|Any CPU
		{14F13685-0C4B-4B2C-B845-A51F124A3198}.Debug|Any CPU.ActiveCfg = Debug|Any CPU
		{14F13685-0C4B-4B2C-B845-A51F124A3198}.Debug|Any CPU.Build.0 = Debug|Any CPU
		{14F13685-0C4B-4B2C-B845-A51F124A3198}.Debug|x64.ActiveCfg = Debug|Any CPU
		{14F13685-0C4B-4B2C-B845-A51F124A3198}.Debug|x64.Build.0 = Debug|Any CPU
		{14F13685-0C4B-4B2C-B845-A51F124A3198}.Debug|x86.ActiveCfg = Debug|Any CPU
		{14F13685-0C4B-4B2C-B845-A51F124A3198}.Debug|x86.Build.0 = Debug|Any CPU
		{14F13685-0C4B-4B2C-B845-A51F124A3198}.Release|Any CPU.ActiveCfg = Release|Any CPU
		{14F13685-0C4B-4B2C-B845-A51F124A3198}.Release|Any CPU.Build.0 = Release|Any CPU
		{14F13685-0C4B-4B2C-B845-A51F124A3198}.Release|x64.ActiveCfg = Release|Any CPU
		{14F13685-0C4B-4B2C-B845-A51F124A3198}.Release|x64.Build.0 = Release|Any CPU
		{14F13685-0C4B-4B2C-B845-A51F124A3198}.Release|x86.ActiveCfg = Release|Any CPU
		{14F13685-0C4B-4B2C-B845-A51F124A3198}.Release|x86.Build.0 = Release|Any CPU
	EndGlobalSection
	GlobalSection(SolutionProperties) = preSolution
		HideSolutionNode = FALSE
	EndGlobalSection
EndGlobal
